// !$*UTF8*$!
{
	archiveVersion = 1;
	classes = {
	};
	objectVersion = 46;
	objects = {

/* Begin PBXBuildFile section */
		3D3A5B5C1AB70F4B00BBD67F /* AppDelegate.swift in Sources */ = {isa = PBXBuildFile; fileRef = 3D3A5B5B1AB70F4B00BBD67F /* AppDelegate.swift */; };
		3D3A5B631AB70F4B00BBD67F /* Images.xcassets in Resources */ = {isa = PBXBuildFile; fileRef = 3D3A5B621AB70F4B00BBD67F /* Images.xcassets */; };
		3D3A5B661AB70F4B00BBD67F /* LaunchScreen.xib in Resources */ = {isa = PBXBuildFile; fileRef = 3D3A5B641AB70F4B00BBD67F /* LaunchScreen.xib */; };
		3D3A5B721AB70F4C00BBD67F /* meteorologyTests.swift in Sources */ = {isa = PBXBuildFile; fileRef = 3D3A5B711AB70F4C00BBD67F /* meteorologyTests.swift */; };
		3D3A5B991ABD5A9900BBD67F /* MainViewController.swift in Sources */ = {isa = PBXBuildFile; fileRef = 3D3A5B981ABD5A9900BBD67F /* MainViewController.swift */; };
		3D3A5B9B1ABD601900BBD67F /* PediaViewController.swift in Sources */ = {isa = PBXBuildFile; fileRef = 3D3A5B9A1ABD601900BBD67F /* PediaViewController.swift */; };
		3D3A5B9D1ABD605100BBD67F /* BBSViewController.swift in Sources */ = {isa = PBXBuildFile; fileRef = 3D3A5B9C1ABD605100BBD67F /* BBSViewController.swift */; };
		3D3A5B9F1ABD606300BBD67F /* ProfViewController.swift in Sources */ = {isa = PBXBuildFile; fileRef = 3D3A5B9E1ABD606300BBD67F /* ProfViewController.swift */; };
		3D3A5BC21ABDCC3300BBD67F /* PediaSearchViewController.swift in Sources */ = {isa = PBXBuildFile; fileRef = 3D3A5BC11ABDCC3300BBD67F /* PediaSearchViewController.swift */; };
		3D6649261B223A7D0079A3DF /* User.swift in Sources */ = {isa = PBXBuildFile; fileRef = 3D6649251B223A7D0079A3DF /* User.swift */; };
		3D6649281B2241DE0079A3DF /* BBSDetailViewController.swift in Sources */ = {isa = PBXBuildFile; fileRef = 3D6649271B2241DE0079A3DF /* BBSDetailViewController.swift */; };
		3D66492A1B2C11530079A3DF /* Util.swift in Sources */ = {isa = PBXBuildFile; fileRef = 3D6649291B2C11530079A3DF /* Util.swift */; };
		3D6649341B2D523D0079A3DF /* Main.storyboard in Resources */ = {isa = PBXBuildFile; fileRef = 3D6649331B2D523D0079A3DF /* Main.storyboard */; };
		3D66493C1B2DC7570079A3DF /* BBSReply.swift in Sources */ = {isa = PBXBuildFile; fileRef = 3D66493B1B2DC7570079A3DF /* BBSReply.swift */; };
		3D66493E1B2DCA170079A3DF /* BBSReplyListView.swift in Sources */ = {isa = PBXBuildFile; fileRef = 3D66493D1B2DCA170079A3DF /* BBSReplyListView.swift */; };
		3D6649401B2F01EE0079A3DF /* BBSReplyListTableViewCell.swift in Sources */ = {isa = PBXBuildFile; fileRef = 3D66493F1B2F01EE0079A3DF /* BBSReplyListTableViewCell.swift */; };
		3D6649421B3583D00079A3DF /* RegistViewController.swift in Sources */ = {isa = PBXBuildFile; fileRef = 3D6649411B3583D00079A3DF /* RegistViewController.swift */; };
		3D6649441B35A64A0079A3DF /* LoginViewController.swift in Sources */ = {isa = PBXBuildFile; fileRef = 3D6649431B35A64A0079A3DF /* LoginViewController.swift */; };
		3D66494A1B35AFC20079A3DF /* ProfTableViewController.swift in Sources */ = {isa = PBXBuildFile; fileRef = 3D6649491B35AFC20079A3DF /* ProfTableViewController.swift */; };
		3D6649501B36E4CE0079A3DF /* lanch_picture.jpg in Resources */ = {isa = PBXBuildFile; fileRef = 3D66494F1B36E4CE0079A3DF /* lanch_picture.jpg */; };
		3D703FF11ABEBF0300CEB590 /* logo58x58.png in Resources */ = {isa = PBXBuildFile; fileRef = 3D703FEF1ABEBF0300CEB590 /* logo58x58.png */; };
		3D703FF21ABEBF0300CEB590 /* btn_search.png in Resources */ = {isa = PBXBuildFile; fileRef = 3D703FF01ABEBF0300CEB590 /* btn_search.png */; };
		3D703FFC1ABF0F6C00CEB590 /* PediaListProvider.swift in Sources */ = {isa = PBXBuildFile; fileRef = 3D703FFB1ABF0F6C00CEB590 /* PediaListProvider.swift */; };
		3D7040021ABF155400CEB590 /* PediaDetailViewController.swift in Sources */ = {isa = PBXBuildFile; fileRef = 3D7040011ABF155400CEB590 /* PediaDetailViewController.swift */; };
		3D92BB181ACFDD28002C5E3B /* BBSTopic.swift in Sources */ = {isa = PBXBuildFile; fileRef = 3D92BB171ACFDD28002C5E3B /* BBSTopic.swift */; };
		3D92BB1A1ACFDD35002C5E3B /* PediaSubject.swift in Sources */ = {isa = PBXBuildFile; fileRef = 3D92BB191ACFDD35002C5E3B /* PediaSubject.swift */; };
		A918472E1B3AAEF400972B71 /* UIViewController+KeyboardAdditions.m in Sources */ = {isa = PBXBuildFile; fileRef = A918472D1B3AAEF400972B71 /* UIViewController+KeyboardAdditions.m */; };
		A9B97E9C1B331F3A00F2F736 /* BBSPublishViewController.swift in Sources */ = {isa = PBXBuildFile; fileRef = A9B97E9B1B331F3A00F2F736 /* BBSPublishViewController.swift */; };
		B6B1F6EE1B33359000898AE8 /* BBSNewDetailViewController.swift in Sources */ = {isa = PBXBuildFile; fileRef = B6B1F6ED1B33359000898AE8 /* BBSNewDetailViewController.swift */; };
		B6B1F6F01B33521C00898AE8 /* ProfReplyViewController.swift in Sources */ = {isa = PBXBuildFile; fileRef = B6B1F6EF1B33521C00898AE8 /* ProfReplyViewController.swift */; };
		B6B1F6F21B33522B00898AE8 /* ProfTopicViewController.swift in Sources */ = {isa = PBXBuildFile; fileRef = B6B1F6F11B33522B00898AE8 /* ProfTopicViewController.swift */; };
		B6B1F6F41B33524000898AE8 /* ProfSubjectViewController.swift in Sources */ = {isa = PBXBuildFile; fileRef = B6B1F6F31B33524000898AE8 /* ProfSubjectViewController.swift */; };
/* End PBXBuildFile section */

/* Begin PBXContainerItemProxy section */
		3D3A5B6C1AB70F4C00BBD67F /* PBXContainerItemProxy */ = {
			isa = PBXContainerItemProxy;
			containerPortal = 3D3A5B4E1AB70F4B00BBD67F /* Project object */;
			proxyType = 1;
			remoteGlobalIDString = 3D3A5B551AB70F4B00BBD67F;
			remoteInfo = meteorology;
		};
/* End PBXContainerItemProxy section */

/* Begin PBXFileReference section */
		379C089E08BEF4BF34769EA4 /* Pods.debug.xcconfig */ = {isa = PBXFileReference; includeInIndex = 1; lastKnownFileType = text.xcconfig; name = Pods.debug.xcconfig; path = "Pods/Target Support Files/Pods/Pods.debug.xcconfig"; sourceTree = "<group>"; };
		3D3A5B561AB70F4B00BBD67F /* meteorology.app */ = {isa = PBXFileReference; explicitFileType = wrapper.application; includeInIndex = 0; path = meteorology.app; sourceTree = BUILT_PRODUCTS_DIR; };
		3D3A5B5A1AB70F4B00BBD67F /* Info.plist */ = {isa = PBXFileReference; lastKnownFileType = text.plist.xml; path = Info.plist; sourceTree = "<group>"; };
		3D3A5B5B1AB70F4B00BBD67F /* AppDelegate.swift */ = {isa = PBXFileReference; lastKnownFileType = sourcecode.swift; path = AppDelegate.swift; sourceTree = "<group>"; };
		3D3A5B621AB70F4B00BBD67F /* Images.xcassets */ = {isa = PBXFileReference; lastKnownFileType = folder.assetcatalog; path = Images.xcassets; sourceTree = "<group>"; };
		3D3A5B651AB70F4B00BBD67F /* Base */ = {isa = PBXFileReference; lastKnownFileType = file.xib; name = Base; path = Base.lproj/LaunchScreen.xib; sourceTree = "<group>"; };
		3D3A5B6B1AB70F4C00BBD67F /* meteorologyTests.xctest */ = {isa = PBXFileReference; explicitFileType = wrapper.cfbundle; includeInIndex = 0; path = meteorologyTests.xctest; sourceTree = BUILT_PRODUCTS_DIR; };
		3D3A5B701AB70F4C00BBD67F /* Info.plist */ = {isa = PBXFileReference; lastKnownFileType = text.plist.xml; path = Info.plist; sourceTree = "<group>"; };
		3D3A5B711AB70F4C00BBD67F /* meteorologyTests.swift */ = {isa = PBXFileReference; lastKnownFileType = sourcecode.swift; path = meteorologyTests.swift; sourceTree = "<group>"; };
		3D3A5B981ABD5A9900BBD67F /* MainViewController.swift */ = {isa = PBXFileReference; fileEncoding = 4; lastKnownFileType = sourcecode.swift; path = MainViewController.swift; sourceTree = "<group>"; };
		3D3A5B9A1ABD601900BBD67F /* PediaViewController.swift */ = {isa = PBXFileReference; fileEncoding = 4; lastKnownFileType = sourcecode.swift; path = PediaViewController.swift; sourceTree = "<group>"; };
		3D3A5B9C1ABD605100BBD67F /* BBSViewController.swift */ = {isa = PBXFileReference; fileEncoding = 4; lastKnownFileType = sourcecode.swift; path = BBSViewController.swift; sourceTree = "<group>"; };
		3D3A5B9E1ABD606300BBD67F /* ProfViewController.swift */ = {isa = PBXFileReference; fileEncoding = 4; lastKnownFileType = sourcecode.swift; path = ProfViewController.swift; sourceTree = "<group>"; };
		3D3A5BC11ABDCC3300BBD67F /* PediaSearchViewController.swift */ = {isa = PBXFileReference; fileEncoding = 4; lastKnownFileType = sourcecode.swift; path = PediaSearchViewController.swift; sourceTree = "<group>"; };
		3D6649251B223A7D0079A3DF /* User.swift */ = {isa = PBXFileReference; fileEncoding = 4; lastKnownFileType = sourcecode.swift; path = User.swift; sourceTree = "<group>"; };
		3D6649271B2241DE0079A3DF /* BBSDetailViewController.swift */ = {isa = PBXFileReference; fileEncoding = 4; lastKnownFileType = sourcecode.swift; path = BBSDetailViewController.swift; sourceTree = "<group>"; };
		3D6649291B2C11530079A3DF /* Util.swift */ = {isa = PBXFileReference; fileEncoding = 4; lastKnownFileType = sourcecode.swift; path = Util.swift; sourceTree = "<group>"; };
		3D6649331B2D523D0079A3DF /* Main.storyboard */ = {isa = PBXFileReference; fileEncoding = 4; lastKnownFileType = file.storyboard; path = Main.storyboard; sourceTree = "<group>"; };
		3D66493B1B2DC7570079A3DF /* BBSReply.swift */ = {isa = PBXFileReference; fileEncoding = 4; lastKnownFileType = sourcecode.swift; path = BBSReply.swift; sourceTree = "<group>"; };
		3D66493D1B2DCA170079A3DF /* BBSReplyListView.swift */ = {isa = PBXFileReference; fileEncoding = 4; lastKnownFileType = sourcecode.swift; path = BBSReplyListView.swift; sourceTree = "<group>"; };
		3D66493F1B2F01EE0079A3DF /* BBSReplyListTableViewCell.swift */ = {isa = PBXFileReference; fileEncoding = 4; lastKnownFileType = sourcecode.swift; path = BBSReplyListTableViewCell.swift; sourceTree = "<group>"; };
		3D6649411B3583D00079A3DF /* RegistViewController.swift */ = {isa = PBXFileReference; fileEncoding = 4; lastKnownFileType = sourcecode.swift; path = RegistViewController.swift; sourceTree = "<group>"; };
		3D6649431B35A64A0079A3DF /* LoginViewController.swift */ = {isa = PBXFileReference; fileEncoding = 4; lastKnownFileType = sourcecode.swift; path = LoginViewController.swift; sourceTree = "<group>"; };
		3D6649491B35AFC20079A3DF /* ProfTableViewController.swift */ = {isa = PBXFileReference; fileEncoding = 4; lastKnownFileType = sourcecode.swift; path = ProfTableViewController.swift; sourceTree = "<group>"; };
		3D66494F1B36E4CE0079A3DF /* lanch_picture.jpg */ = {isa = PBXFileReference; lastKnownFileType = image.jpeg; name = lanch_picture.jpg; path = images/lanch_picture.jpg; sourceTree = "<group>"; };
		3D703FEF1ABEBF0300CEB590 /* logo58x58.png */ = {isa = PBXFileReference; lastKnownFileType = image.png; name = logo58x58.png; path = images/logo58x58.png; sourceTree = "<group>"; };
		3D703FF01ABEBF0300CEB590 /* btn_search.png */ = {isa = PBXFileReference; lastKnownFileType = image.png; name = btn_search.png; path = images/btn_search.png; sourceTree = "<group>"; };
		3D703FFB1ABF0F6C00CEB590 /* PediaListProvider.swift */ = {isa = PBXFileReference; fileEncoding = 4; lastKnownFileType = sourcecode.swift; path = PediaListProvider.swift; sourceTree = "<group>"; };
		3D7040011ABF155400CEB590 /* PediaDetailViewController.swift */ = {isa = PBXFileReference; fileEncoding = 4; lastKnownFileType = sourcecode.swift; path = PediaDetailViewController.swift; sourceTree = "<group>"; };
		3D92BB171ACFDD28002C5E3B /* BBSTopic.swift */ = {isa = PBXFileReference; fileEncoding = 4; lastKnownFileType = sourcecode.swift; path = BBSTopic.swift; sourceTree = "<group>"; };
		3D92BB191ACFDD35002C5E3B /* PediaSubject.swift */ = {isa = PBXFileReference; fileEncoding = 4; lastKnownFileType = sourcecode.swift; path = PediaSubject.swift; sourceTree = "<group>"; };
		8B57159E3803D7A74D439B72 /* libPods.a */ = {isa = PBXFileReference; explicitFileType = archive.ar; includeInIndex = 0; path = libPods.a; sourceTree = BUILT_PRODUCTS_DIR; };
		9100818C2120C9685DEDC22B /* Pods.release.xcconfig */ = {isa = PBXFileReference; includeInIndex = 1; lastKnownFileType = text.xcconfig; name = Pods.release.xcconfig; path = "Pods/Target Support Files/Pods/Pods.release.xcconfig"; sourceTree = "<group>"; };
		A918472C1B3AAEF400972B71 /* UIViewController+KeyboardAdditions.h */ = {isa = PBXFileReference; fileEncoding = 4; lastKnownFileType = sourcecode.c.h; path = "UIViewController+KeyboardAdditions.h"; sourceTree = "<group>"; };
		A918472D1B3AAEF400972B71 /* UIViewController+KeyboardAdditions.m */ = {isa = PBXFileReference; fileEncoding = 4; lastKnownFileType = sourcecode.c.objc; path = "UIViewController+KeyboardAdditions.m"; sourceTree = "<group>"; };
		A9B97E9B1B331F3A00F2F736 /* BBSPublishViewController.swift */ = {isa = PBXFileReference; fileEncoding = 4; lastKnownFileType = sourcecode.swift; path = BBSPublishViewController.swift; sourceTree = "<group>"; };
		B6B1F6EA1B33311800898AE8 /* meteorology-Bridging-Header.h */ = {isa = PBXFileReference; lastKnownFileType = sourcecode.c.h; path = "meteorology-Bridging-Header.h"; sourceTree = "<group>"; };
		B6B1F6ED1B33359000898AE8 /* BBSNewDetailViewController.swift */ = {isa = PBXFileReference; fileEncoding = 4; lastKnownFileType = sourcecode.swift; path = BBSNewDetailViewController.swift; sourceTree = "<group>"; };
		B6B1F6EF1B33521C00898AE8 /* ProfReplyViewController.swift */ = {isa = PBXFileReference; fileEncoding = 4; lastKnownFileType = sourcecode.swift; path = ProfReplyViewController.swift; sourceTree = "<group>"; };
		B6B1F6F11B33522B00898AE8 /* ProfTopicViewController.swift */ = {isa = PBXFileReference; fileEncoding = 4; lastKnownFileType = sourcecode.swift; path = ProfTopicViewController.swift; sourceTree = "<group>"; };
		B6B1F6F31B33524000898AE8 /* ProfSubjectViewController.swift */ = {isa = PBXFileReference; fileEncoding = 4; lastKnownFileType = sourcecode.swift; path = ProfSubjectViewController.swift; sourceTree = "<group>"; };
/* End PBXFileReference section */

/* Begin PBXFrameworksBuildPhase section */
		3D3A5B531AB70F4B00BBD67F /* Frameworks */ = {
			isa = PBXFrameworksBuildPhase;
			buildActionMask = 2147483647;
			files = (
			);
			runOnlyForDeploymentPostprocessing = 0;
		};
		3D3A5B681AB70F4C00BBD67F /* Frameworks */ = {
			isa = PBXFrameworksBuildPhase;
			buildActionMask = 2147483647;
			files = (
			);
			runOnlyForDeploymentPostprocessing = 0;
		};
/* End PBXFrameworksBuildPhase section */

/* Begin PBXGroup section */
		19EDB88C7C55D9496B60EDEE /* Pods */ = {
			isa = PBXGroup;
			children = (
				379C089E08BEF4BF34769EA4 /* Pods.debug.xcconfig */,
				9100818C2120C9685DEDC22B /* Pods.release.xcconfig */,
			);
			name = Pods;
			sourceTree = "<group>";
		};
		29C7059F8FBA0EC4E0B7B0FE /* Frameworks */ = {
			isa = PBXGroup;
			children = (
				8B57159E3803D7A74D439B72 /* libPods.a */,
			);
			name = Frameworks;
			sourceTree = "<group>";
		};
		3D3A5B4D1AB70F4B00BBD67F = {
			isa = PBXGroup;
			children = (
				3D3A5B581AB70F4B00BBD67F /* meteorology */,
				3D3A5B6E1AB70F4C00BBD67F /* meteorologyTests */,
				3D3A5B571AB70F4B00BBD67F /* Products */,
				19EDB88C7C55D9496B60EDEE /* Pods */,
				29C7059F8FBA0EC4E0B7B0FE /* Frameworks */,
			);
			sourceTree = "<group>";
		};
		3D3A5B571AB70F4B00BBD67F /* Products */ = {
			isa = PBXGroup;
			children = (
				3D3A5B561AB70F4B00BBD67F /* meteorology.app */,
				3D3A5B6B1AB70F4C00BBD67F /* meteorologyTests.xctest */,
			);
			name = Products;
			sourceTree = "<group>";
		};
		3D3A5B581AB70F4B00BBD67F /* meteorology */ = {
			isa = PBXGroup;
			children = (
				3D92BB121ACFD250002C5E3B /* model */,
				3D3A5B5B1AB70F4B00BBD67F /* AppDelegate.swift */,
				3D3A5B621AB70F4B00BBD67F /* Images.xcassets */,
				3D3A5B641AB70F4B00BBD67F /* LaunchScreen.xib */,
				3D3A5B591AB70F4B00BBD67F /* Supporting Files */,
				3D3A5B981ABD5A9900BBD67F /* MainViewController.swift */,
				3D3A5BBA1ABDC4BF00BBD67F /* Pedia */,
				3D3A5BBB1ABDC4CF00BBD67F /* BBS */,
				3D3A5BBC1ABDC4DA00BBD67F /* Prof */,
				3D6649331B2D523D0079A3DF /* Main.storyboard */,
			);
			path = meteorology;
			sourceTree = "<group>";
		};
		3D3A5B591AB70F4B00BBD67F /* Supporting Files */ = {
			isa = PBXGroup;
			children = (
				A918472C1B3AAEF400972B71 /* UIViewController+KeyboardAdditions.h */,
				A918472D1B3AAEF400972B71 /* UIViewController+KeyboardAdditions.m */,
				3D703FEE1ABEBEE200CEB590 /* common */,
				3D3A5B5A1AB70F4B00BBD67F /* Info.plist */,
				B6B1F6EA1B33311800898AE8 /* meteorology-Bridging-Header.h */,
			);
			name = "Supporting Files";
			sourceTree = "<group>";
		};
		3D3A5B6E1AB70F4C00BBD67F /* meteorologyTests */ = {
			isa = PBXGroup;
			children = (
				3D3A5B711AB70F4C00BBD67F /* meteorologyTests.swift */,
				3D3A5B6F1AB70F4C00BBD67F /* Supporting Files */,
			);
			path = meteorologyTests;
			sourceTree = "<group>";
		};
		3D3A5B6F1AB70F4C00BBD67F /* Supporting Files */ = {
			isa = PBXGroup;
			children = (
				3D3A5B701AB70F4C00BBD67F /* Info.plist */,
			);
			name = "Supporting Files";
			sourceTree = "<group>";
		};
		3D3A5BBA1ABDC4BF00BBD67F /* Pedia */ = {
			isa = PBXGroup;
			children = (
				3D3A5B9A1ABD601900BBD67F /* PediaViewController.swift */,
				3D3A5BC11ABDCC3300BBD67F /* PediaSearchViewController.swift */,
				3D703FFB1ABF0F6C00CEB590 /* PediaListProvider.swift */,
				3D7040011ABF155400CEB590 /* PediaDetailViewController.swift */,
			);
			name = Pedia;
			sourceTree = "<group>";
		};
		3D3A5BBB1ABDC4CF00BBD67F /* BBS */ = {
			isa = PBXGroup;
			children = (
				3D66493F1B2F01EE0079A3DF /* BBSReplyListTableViewCell.swift */,
				3D3A5B9C1ABD605100BBD67F /* BBSViewController.swift */,
				3D6649271B2241DE0079A3DF /* BBSDetailViewController.swift */,
				3D66493D1B2DCA170079A3DF /* BBSReplyListView.swift */,
				A9B97E9B1B331F3A00F2F736 /* BBSPublishViewController.swift */,
				B6B1F6ED1B33359000898AE8 /* BBSNewDetailViewController.swift */,
			);
			name = BBS;
			sourceTree = "<group>";
		};
		3D3A5BBC1ABDC4DA00BBD67F /* Prof */ = {
			isa = PBXGroup;
			children = (
				3D3A5B9E1ABD606300BBD67F /* ProfViewController.swift */,
				B6B1F6EF1B33521C00898AE8 /* ProfReplyViewController.swift */,
				B6B1F6F11B33522B00898AE8 /* ProfTopicViewController.swift */,
				B6B1F6F31B33524000898AE8 /* ProfSubjectViewController.swift */,
				3D6649411B3583D00079A3DF /* RegistViewController.swift */,
				3D6649431B35A64A0079A3DF /* LoginViewController.swift */,
				3D6649491B35AFC20079A3DF /* ProfTableViewController.swift */,
			);
			name = Prof;
			sourceTree = "<group>";
		};
		3D703FEE1ABEBEE200CEB590 /* common */ = {
			isa = PBXGroup;
			children = (
				3D66494F1B36E4CE0079A3DF /* lanch_picture.jpg */,
				3D703FEF1ABEBF0300CEB590 /* logo58x58.png */,
				3D703FF01ABEBF0300CEB590 /* btn_search.png */,
			);
			name = common;
			sourceTree = "<group>";
		};
		3D92BB121ACFD250002C5E3B /* model */ = {
			isa = PBXGroup;
			children = (
				3D92BB191ACFDD35002C5E3B /* PediaSubject.swift */,
				3D92BB171ACFDD28002C5E3B /* BBSTopic.swift */,
				3D66493B1B2DC7570079A3DF /* BBSReply.swift */,
				3D6649251B223A7D0079A3DF /* User.swift */,
				3D6649291B2C11530079A3DF /* Util.swift */,
			);
			name = model;
			sourceTree = "<group>";
		};
/* End PBXGroup section */

/* Begin PBXNativeTarget section */
		3D3A5B551AB70F4B00BBD67F /* meteorology */ = {
			isa = PBXNativeTarget;
			buildConfigurationList = 3D3A5B751AB70F4C00BBD67F /* Build configuration list for PBXNativeTarget "meteorology" */;
			buildPhases = (
				3D3A5B521AB70F4B00BBD67F /* Sources */,
				3D3A5B531AB70F4B00BBD67F /* Frameworks */,
				3D3A5B541AB70F4B00BBD67F /* Resources */,
			);
			buildRules = (
			);
			dependencies = (
			);
			name = meteorology;
			productName = meteorology;
			productReference = 3D3A5B561AB70F4B00BBD67F /* meteorology.app */;
			productType = "com.apple.product-type.application";
		};
		3D3A5B6A1AB70F4C00BBD67F /* meteorologyTests */ = {
			isa = PBXNativeTarget;
			buildConfigurationList = 3D3A5B781AB70F4C00BBD67F /* Build configuration list for PBXNativeTarget "meteorologyTests" */;
			buildPhases = (
				3D3A5B671AB70F4C00BBD67F /* Sources */,
				3D3A5B681AB70F4C00BBD67F /* Frameworks */,
				3D3A5B691AB70F4C00BBD67F /* Resources */,
			);
			buildRules = (
			);
			dependencies = (
				3D3A5B6D1AB70F4C00BBD67F /* PBXTargetDependency */,
			);
			name = meteorologyTests;
			productName = meteorologyTests;
			productReference = 3D3A5B6B1AB70F4C00BBD67F /* meteorologyTests.xctest */;
			productType = "com.apple.product-type.bundle.unit-test";
		};
/* End PBXNativeTarget section */

/* Begin PBXProject section */
		3D3A5B4E1AB70F4B00BBD67F /* Project object */ = {
			isa = PBXProject;
			attributes = {
				LastUpgradeCheck = 0620;
				ORGANIZATIONNAME = LeeAnsin;
				TargetAttributes = {
					3D3A5B551AB70F4B00BBD67F = {
						CreatedOnToolsVersion = 6.2;
						DevelopmentTeam = 99982VUDU5;
					};
					3D3A5B6A1AB70F4C00BBD67F = {
						CreatedOnToolsVersion = 6.2;
						TestTargetID = 3D3A5B551AB70F4B00BBD67F;
					};
				};
			};
			buildConfigurationList = 3D3A5B511AB70F4B00BBD67F /* Build configuration list for PBXProject "meteorology" */;
			compatibilityVersion = "Xcode 3.2";
			developmentRegion = English;
			hasScannedForEncodings = 0;
			knownRegions = (
				en,
				Base,
			);
			mainGroup = 3D3A5B4D1AB70F4B00BBD67F;
			productRefGroup = 3D3A5B571AB70F4B00BBD67F /* Products */;
			projectDirPath = "";
			projectRoot = "";
			targets = (
				3D3A5B551AB70F4B00BBD67F /* meteorology */,
				3D3A5B6A1AB70F4C00BBD67F /* meteorologyTests */,
			);
		};
/* End PBXProject section */

/* Begin PBXResourcesBuildPhase section */
		3D3A5B541AB70F4B00BBD67F /* Resources */ = {
			isa = PBXResourcesBuildPhase;
			buildActionMask = 2147483647;
			files = (
				3D703FF21ABEBF0300CEB590 /* btn_search.png in Resources */,
				3D3A5B661AB70F4B00BBD67F /* LaunchScreen.xib in Resources */,
				3D6649341B2D523D0079A3DF /* Main.storyboard in Resources */,
				3D6649501B36E4CE0079A3DF /* lanch_picture.jpg in Resources */,
				3D3A5B631AB70F4B00BBD67F /* Images.xcassets in Resources */,
				3D703FF11ABEBF0300CEB590 /* logo58x58.png in Resources */,
			);
			runOnlyForDeploymentPostprocessing = 0;
		};
		3D3A5B691AB70F4C00BBD67F /* Resources */ = {
			isa = PBXResourcesBuildPhase;
			buildActionMask = 2147483647;
			files = (
			);
			runOnlyForDeploymentPostprocessing = 0;
		};
/* End PBXResourcesBuildPhase section */

/* Begin PBXSourcesBuildPhase section */
		3D3A5B521AB70F4B00BBD67F /* Sources */ = {
			isa = PBXSourcesBuildPhase;
			buildActionMask = 2147483647;
			files = (
				A9B97E9C1B331F3A00F2F736 /* BBSPublishViewController.swift in Sources */,
				B6B1F6F41B33524000898AE8 /* ProfSubjectViewController.swift in Sources */,
				3D66493C1B2DC7570079A3DF /* BBSReply.swift in Sources */,
				3D6649441B35A64A0079A3DF /* LoginViewController.swift in Sources */,
				3D3A5BC21ABDCC3300BBD67F /* PediaSearchViewController.swift in Sources */,
				3D6649281B2241DE0079A3DF /* BBSDetailViewController.swift in Sources */,
				B6B1F6EE1B33359000898AE8 /* BBSNewDetailViewController.swift in Sources */,
				3D66493E1B2DCA170079A3DF /* BBSReplyListView.swift in Sources */,
				3D3A5B991ABD5A9900BBD67F /* MainViewController.swift in Sources */,
				A918472E1B3AAEF400972B71 /* UIViewController+KeyboardAdditions.m in Sources */,
				3D6649421B3583D00079A3DF /* RegistViewController.swift in Sources */,
				B6B1F6F21B33522B00898AE8 /* ProfTopicViewController.swift in Sources */,
				3D92BB181ACFDD28002C5E3B /* BBSTopic.swift in Sources */,
				3D3A5B9B1ABD601900BBD67F /* PediaViewController.swift in Sources */,
				3D92BB1A1ACFDD35002C5E3B /* PediaSubject.swift in Sources */,
				3D66494A1B35AFC20079A3DF /* ProfTableViewController.swift in Sources */,
				3D6649261B223A7D0079A3DF /* User.swift in Sources */,
				3D6649401B2F01EE0079A3DF /* BBSReplyListTableViewCell.swift in Sources */,
				3D703FFC1ABF0F6C00CEB590 /* PediaListProvider.swift in Sources */,
				3D3A5B9F1ABD606300BBD67F /* ProfViewController.swift in Sources */,
				3D66492A1B2C11530079A3DF /* Util.swift in Sources */,
				B6B1F6F01B33521C00898AE8 /* ProfReplyViewController.swift in Sources */,
				3D3A5B5C1AB70F4B00BBD67F /* AppDelegate.swift in Sources */,
				3D3A5B9D1ABD605100BBD67F /* BBSViewController.swift in Sources */,
				3D7040021ABF155400CEB590 /* PediaDetailViewController.swift in Sources */,
			);
			runOnlyForDeploymentPostprocessing = 0;
		};
		3D3A5B671AB70F4C00BBD67F /* Sources */ = {
			isa = PBXSourcesBuildPhase;
			buildActionMask = 2147483647;
			files = (
				3D3A5B721AB70F4C00BBD67F /* meteorologyTests.swift in Sources */,
			);
			runOnlyForDeploymentPostprocessing = 0;
		};
/* End PBXSourcesBuildPhase section */

/* Begin PBXTargetDependency section */
		3D3A5B6D1AB70F4C00BBD67F /* PBXTargetDependency */ = {
			isa = PBXTargetDependency;
			target = 3D3A5B551AB70F4B00BBD67F /* meteorology */;
			targetProxy = 3D3A5B6C1AB70F4C00BBD67F /* PBXContainerItemProxy */;
		};
/* End PBXTargetDependency section */

/* Begin PBXVariantGroup section */
		3D3A5B641AB70F4B00BBD67F /* LaunchScreen.xib */ = {
			isa = PBXVariantGroup;
			children = (
				3D3A5B651AB70F4B00BBD67F /* Base */,
			);
			name = LaunchScreen.xib;
			sourceTree = "<group>";
		};
/* End PBXVariantGroup section */

/* Begin XCBuildConfiguration section */
		3D3A5B731AB70F4C00BBD67F /* Debug */ = {
			isa = XCBuildConfiguration;
			buildSettings = {
				ALWAYS_SEARCH_USER_PATHS = NO;
				CLANG_CXX_LANGUAGE_STANDARD = "gnu++0x";
				CLANG_CXX_LIBRARY = "libc++";
				CLANG_ENABLE_MODULES = YES;
				CLANG_ENABLE_OBJC_ARC = YES;
				CLANG_WARN_BOOL_CONVERSION = YES;
				CLANG_WARN_CONSTANT_CONVERSION = YES;
				CLANG_WARN_DIRECT_OBJC_ISA_USAGE = YES_ERROR;
				CLANG_WARN_EMPTY_BODY = YES;
				CLANG_WARN_ENUM_CONVERSION = YES;
				CLANG_WARN_INT_CONVERSION = YES;
				CLANG_WARN_OBJC_ROOT_CLASS = YES_ERROR;
				CLANG_WARN_UNREACHABLE_CODE = YES;
				CLANG_WARN__DUPLICATE_METHOD_MATCH = YES;
				"CODE_SIGN_IDENTITY[sdk=iphoneos*]" = "iPhone Developer";
				COPY_PHASE_STRIP = NO;
				ENABLE_STRICT_OBJC_MSGSEND = YES;
				GCC_C_LANGUAGE_STANDARD = gnu99;
				GCC_DYNAMIC_NO_PIC = NO;
				GCC_OPTIMIZATION_LEVEL = 0;
				GCC_PREPROCESSOR_DEFINITIONS = (
					"DEBUG=1",
					"$(inherited)",
				);
				GCC_SYMBOLS_PRIVATE_EXTERN = NO;
				GCC_WARN_64_TO_32_BIT_CONVERSION = YES;
				GCC_WARN_ABOUT_RETURN_TYPE = YES_ERROR;
				GCC_WARN_UNDECLARED_SELECTOR = YES;
				GCC_WARN_UNINITIALIZED_AUTOS = YES_AGGRESSIVE;
				GCC_WARN_UNUSED_FUNCTION = YES;
				GCC_WARN_UNUSED_VARIABLE = YES;
				IPHONEOS_DEPLOYMENT_TARGET = 8.1;
				MTL_ENABLE_DEBUG_INFO = YES;
				ONLY_ACTIVE_ARCH = YES;
				SDKROOT = iphoneos;
				SWIFT_OPTIMIZATION_LEVEL = "-Onone";
			};
			name = Debug;
		};
		3D3A5B741AB70F4C00BBD67F /* Release */ = {
			isa = XCBuildConfiguration;
			buildSettings = {
				ALWAYS_SEARCH_USER_PATHS = NO;
				CLANG_CXX_LANGUAGE_STANDARD = "gnu++0x";
				CLANG_CXX_LIBRARY = "libc++";
				CLANG_ENABLE_MODULES = YES;
				CLANG_ENABLE_OBJC_ARC = YES;
				CLANG_WARN_BOOL_CONVERSION = YES;
				CLANG_WARN_CONSTANT_CONVERSION = YES;
				CLANG_WARN_DIRECT_OBJC_ISA_USAGE = YES_ERROR;
				CLANG_WARN_EMPTY_BODY = YES;
				CLANG_WARN_ENUM_CONVERSION = YES;
				CLANG_WARN_INT_CONVERSION = YES;
				CLANG_WARN_OBJC_ROOT_CLASS = YES_ERROR;
				CLANG_WARN_UNREACHABLE_CODE = YES;
				CLANG_WARN__DUPLICATE_METHOD_MATCH = YES;
				"CODE_SIGN_IDENTITY[sdk=iphoneos*]" = "iPhone Developer";
				COPY_PHASE_STRIP = NO;
				ENABLE_NS_ASSERTIONS = NO;
				ENABLE_STRICT_OBJC_MSGSEND = YES;
				GCC_C_LANGUAGE_STANDARD = gnu99;
				GCC_WARN_64_TO_32_BIT_CONVERSION = YES;
				GCC_WARN_ABOUT_RETURN_TYPE = YES_ERROR;
				GCC_WARN_UNDECLARED_SELECTOR = YES;
				GCC_WARN_UNINITIALIZED_AUTOS = YES_AGGRESSIVE;
				GCC_WARN_UNUSED_FUNCTION = YES;
				GCC_WARN_UNUSED_VARIABLE = YES;
				IPHONEOS_DEPLOYMENT_TARGET = 8.1;
				MTL_ENABLE_DEBUG_INFO = NO;
				SDKROOT = iphoneos;
				VALIDATE_PRODUCT = YES;
			};
			name = Release;
		};
		3D3A5B761AB70F4C00BBD67F /* Debug */ = {
			isa = XCBuildConfiguration;
			baseConfigurationReference = 379C089E08BEF4BF34769EA4 /* Pods.debug.xcconfig */;
			buildSettings = {
				ASSETCATALOG_COMPILER_APPICON_NAME = AppIcon;
				CLANG_ENABLE_MODULES = YES;
				CODE_SIGN_IDENTITY = "iPhone Developer";
				INFOPLIST_FILE = meteorology/Info.plist;
				IPHONEOS_DEPLOYMENT_TARGET = 8.0;
				LD_RUNPATH_SEARCH_PATHS = "$(inherited) @executable_path/Frameworks";
				PRODUCT_NAME = "$(TARGET_NAME)";
				SWIFT_OBJC_BRIDGING_HEADER = "meteorology/meteorology-Bridging-Header.h";
				SWIFT_OPTIMIZATION_LEVEL = "-Onone";
			};
			name = Debug;
		};
		3D3A5B771AB70F4C00BBD67F /* Release */ = {
			isa = XCBuildConfiguration;
			baseConfigurationReference = 9100818C2120C9685DEDC22B /* Pods.release.xcconfig */;
			buildSettings = {
				ASSETCATALOG_COMPILER_APPICON_NAME = AppIcon;
				CLANG_ENABLE_MODULES = YES;
				CODE_SIGN_IDENTITY = "iPhone Developer";
				INFOPLIST_FILE = meteorology/Info.plist;
				IPHONEOS_DEPLOYMENT_TARGET = 8.0;
				LD_RUNPATH_SEARCH_PATHS = "$(inherited) @executable_path/Frameworks";
				PRODUCT_NAME = "$(TARGET_NAME)";
				SWIFT_OBJC_BRIDGING_HEADER = "meteorology/meteorology-Bridging-Header.h";
			};
			name = Release;
		};
		3D3A5B791AB70F4C00BBD67F /* Debug */ = {
			isa = XCBuildConfiguration;
			buildSettings = {
				BUNDLE_LOADER = "$(TEST_HOST)";
				FRAMEWORK_SEARCH_PATHS = (
					"$(SDKROOT)/Developer/Library/Frameworks",
					"$(inherited)",
				);
				GCC_PREPROCESSOR_DEFINITIONS = (
					"DEBUG=1",
					"$(inherited)",
				);
				INFOPLIST_FILE = meteorologyTests/Info.plist;
				LD_RUNPATH_SEARCH_PATHS = "$(inherited) @executable_path/Frameworks @loader_path/Frameworks";
				PRODUCT_NAME = "$(TARGET_NAME)";
				TEST_HOST = "$(BUILT_PRODUCTS_DIR)/meteorology.app/meteorology";
			};
			name = Debug;
		};
		3D3A5B7A1AB70F4C00BBD67F /* Release */ = {
			isa = XCBuildConfiguration;
			buildSettings = {
				BUNDLE_LOADER = "$(TEST_HOST)";
				FRAMEWORK_SEARCH_PATHS = (
					"$(SDKROOT)/Developer/Library/Frameworks",
					"$(inherited)",
				);
				INFOPLIST_FILE = meteorologyTests/Info.plist;
				LD_RUNPATH_SEARCH_PATHS = "$(inherited) @executable_path/Frameworks @loader_path/Frameworks";
				PRODUCT_NAME = "$(TARGET_NAME)";
				TEST_HOST = "$(BUILT_PRODUCTS_DIR)/meteorology.app/meteorology";
			};
			name = Release;
		};
/* End XCBuildConfiguration section */

/* Begin XCConfigurationList section */
		3D3A5B511AB70F4B00BBD67F /* Build configuration list for PBXProject "meteorology" */ = {
			isa = XCConfigurationList;
			buildConfigurations = (
				3D3A5B731AB70F4C00BBD67F /* Debug */,
				3D3A5B741AB70F4C00BBD67F /* Release */,
			);
			defaultConfigurationIsVisible = 0;
			defaultConfigurationName = Debug;
		};
		3D3A5B751AB70F4C00BBD67F /* Build configuration list for PBXNativeTarget "meteorology" */ = {
			isa = XCConfigurationList;
			buildConfigurations = (
				3D3A5B761AB70F4C00BBD67F /* Debug */,
				3D3A5B771AB70F4C00BBD67F /* Release */,
			);
			defaultConfigurationIsVisible = 0;
			defaultConfigurationName = Debug;
		};
		3D3A5B781AB70F4C00BBD67F /* Build configuration list for PBXNativeTarget "meteorologyTests" */ = {
			isa = XCConfigurationList;
			buildConfigurations = (
				3D3A5B791AB70F4C00BBD67F /* Debug */,
				3D3A5B7A1AB70F4C00BBD67F /* Release */,
			);
			defaultConfigurationIsVisible = 0;
			defaultConfigurationName = Debug;
		};
/* End XCConfigurationList section */
	};
	rootObject = 3D3A5B4E1AB70F4B00BBD67F /* Project object */;
}
